
Microsoft Visual Studio Solution File, Format Version 12.00
# Visual Studio Version 17
VisualStudioVersion = 17.4.33213.308
MinimumVisualStudioVersion = 10.0.40219.1
Project("{2150E333-8FDC-42A3-9474-1A3956D46DE8}") = "Test", "Test", "{6307E465-D324-4AC1-B634-8C48356D327F}"
EndProject
Project("{2150E333-8FDC-42A3-9474-1A3956D46DE8}") = "Src", "Src", "{BD17E8CE-6510-433B-834D-47475870DEC0}"
EndProject
Project("{2150E333-8FDC-42A3-9474-1A3956D46DE8}") = "Doc", "Doc", "{36A10A1A-53EC-490B-97B0-6CC687FC23C6}"
EndProject
Project("{2150E333-8FDC-42A3-9474-1A3956D46DE8}") = "Common", "Common", "{F255B8D1-B91E-4A94-9FA3-57341E5B07FB}"
EndProject
Project("{2150E333-8FDC-42A3-9474-1A3956D46DE8}") = "Core", "Core", "{02CBEBF1-2469-460C-A802-B7372BFDAFF0}"
EndProject
Project("{2150E333-8FDC-42A3-9474-1A3956D46DE8}") = "Infrastructor", "Infrastructor", "{EC9C2BC9-2B37-4EB6-99BC-761E4221FCBD}"
EndProject
Project("{2150E333-8FDC-42A3-9474-1A3956D46DE8}") = "Presentation", "Presentation", "{963C86A3-4C48-4432-A236-313C934FD63A}"
EndProject
Project("{FAE04EC0-301F-11D3-BF4B-00C04F79EFBC}") = "Store.Domain", "Store.Domain\Store.Domain.csproj", "{E32CC07B-A056-419C-B892-850A2647C8F2}"
EndProject
Project("{FAE04EC0-301F-11D3-BF4B-00C04F79EFBC}") = "Store.Common", "Store.Common\Store.Common.csproj", "{2618D7AC-8AAD-4543-B368-FAE59F026BBE}"
EndProject
Project("{FAE04EC0-301F-11D3-BF4B-00C04F79EFBC}") = "Store.Application", "Store.Application\Store.Application.csproj", "{53901D3B-CFDC-431D-B392-9F8607545CAD}"
EndProject
Project("{FAE04EC0-301F-11D3-BF4B-00C04F79EFBC}") = "Store.Infrastructor", "Store.Infrastructor\Store.Infrastructor.csproj", "{1FD94506-CC90-4A7E-8684-A75DB93A6BA8}"
EndProject
Project("{FAE04EC0-301F-11D3-BF4B-00C04F79EFBC}") = "Store.Persistence", "Store.Persistence\Store.Persistence.csproj", "{BEFED2E7-D766-4BE1-A252-3F25B19FFF52}"
EndProject
Project("{FAE04EC0-301F-11D3-BF4B-00C04F79EFBC}") = "EndPoint.Site", "EndPoint.Site\EndPoint.Site.csproj", "{5BE2EC9E-36CF-4A8E-927C-6751146BF27E}"
EndProject
Global
	GlobalSection(SolutionConfigurationPlatforms) = preSolution
		Debug|Any CPU = Debug|Any CPU
		Release|Any CPU = Release|Any CPU
	EndGlobalSection
	GlobalSection(ProjectConfigurationPlatforms) = postSolution
		{E32CC07B-A056-419C-B892-850A2647C8F2}.Debug|Any CPU.ActiveCfg = Debug|Any CPU
		{E32CC07B-A056-419C-B892-850A2647C8F2}.Debug|Any CPU.Build.0 = Debug|Any CPU
		{E32CC07B-A056-419C-B892-850A2647C8F2}.Release|Any CPU.ActiveCfg = Release|Any CPU
		{E32CC07B-A056-419C-B892-850A2647C8F2}.Release|Any CPU.Build.0 = Release|Any CPU
		{2618D7AC-8AAD-4543-B368-FAE59F026BBE}.Debug|Any CPU.ActiveCfg = Debug|Any CPU
		{2618D7AC-8AAD-4543-B368-FAE59F026BBE}.Debug|Any CPU.Build.0 = Debug|Any CPU
		{2618D7AC-8AAD-4543-B368-FAE59F026BBE}.Release|Any CPU.ActiveCfg = Release|Any CPU
		{2618D7AC-8AAD-4543-B368-FAE59F026BBE}.Release|Any CPU.Build.0 = Release|Any CPU
		{53901D3B-CFDC-431D-B392-9F8607545CAD}.Debug|Any CPU.ActiveCfg = Debug|Any CPU
		{53901D3B-CFDC-431D-B392-9F8607545CAD}.Debug|Any CPU.Build.0 = Debug|Any CPU
		{53901D3B-CFDC-431D-B392-9F8607545CAD}.Release|Any CPU.ActiveCfg = Release|Any CPU
		{53901D3B-CFDC-431D-B392-9F8607545CAD}.Release|Any CPU.Build.0 = Release|Any CPU
		{1FD94506-CC90-4A7E-8684-A75DB93A6BA8}.Debug|Any CPU.ActiveCfg = Debug|Any CPU
		{1FD94506-CC90-4A7E-8684-A75DB93A6BA8}.Debug|Any CPU.Build.0 = Debug|Any CPU
		{1FD94506-CC90-4A7E-8684-A75DB93A6BA8}.Release|Any CPU.ActiveCfg = Release|Any CPU
		{1FD94506-CC90-4A7E-8684-A75DB93A6BA8}.Release|Any CPU.Build.0 = Release|Any CPU
		{BEFED2E7-D766-4BE1-A252-3F25B19FFF52}.Debug|Any CPU.ActiveCfg = Debug|Any CPU
		{BEFED2E7-D766-4BE1-A252-3F25B19FFF52}.Debug|Any CPU.Build.0 = Debug|Any CPU
		{BEFED2E7-D766-4BE1-A252-3F25B19FFF52}.Release|Any CPU.ActiveCfg = Release|Any CPU
		{BEFED2E7-D766-4BE1-A252-3F25B19FFF52}.Release|Any CPU.Build.0 = Release|Any CPU
		{5BE2EC9E-36CF-4A8E-927C-6751146BF27E}.Debug|Any CPU.ActiveCfg = Debug|Any CPU
		{5BE2EC9E-36CF-4A8E-927C-6751146BF27E}.Debug|Any CPU.Build.0 = Debug|Any CPU
		{5BE2EC9E-36CF-4A8E-927C-6751146BF27E}.Release|Any CPU.ActiveCfg = Release|Any CPU
		{5BE2EC9E-36CF-4A8E-927C-6751146BF27E}.Release|Any CPU.Build.0 = Release|Any CPU
	EndGlobalSection
	GlobalSection(SolutionProperties) = preSolution
		HideSolutionNode = FALSE
	EndGlobalSection
	GlobalSection(NestedProjects) = preSolution
		{F255B8D1-B91E-4A94-9FA3-57341E5B07FB} = {BD17E8CE-6510-433B-834D-47475870DEC0}
		{02CBEBF1-2469-460C-A802-B7372BFDAFF0} = {BD17E8CE-6510-433B-834D-47475870DEC0}
		{EC9C2BC9-2B37-4EB6-99BC-761E4221FCBD} = {BD17E8CE-6510-433B-834D-47475870DEC0}
		{963C86A3-4C48-4432-A236-313C934FD63A} = {BD17E8CE-6510-433B-834D-47475870DEC0}
		{E32CC07B-A056-419C-B892-850A2647C8F2} = {02CBEBF1-2469-460C-A802-B7372BFDAFF0}
		{2618D7AC-8AAD-4543-B368-FAE59F026BBE} = {F255B8D1-B91E-4A94-9FA3-57341E5B07FB}
		{53901D3B-CFDC-431D-B392-9F8607545CAD} = {02CBEBF1-2469-460C-A802-B7372BFDAFF0}
		{1FD94506-CC90-4A7E-8684-A75DB93A6BA8} = {EC9C2BC9-2B37-4EB6-99BC-761E4221FCBD}
		{BEFED2E7-D766-4BE1-A252-3F25B19FFF52} = {EC9C2BC9-2B37-4EB6-99BC-761E4221FCBD}
		{5BE2EC9E-36CF-4A8E-927C-6751146BF27E} = {963C86A3-4C48-4432-A236-313C934FD63A}
	EndGlobalSection
	GlobalSection(ExtensibilityGlobals) = postSolution
		SolutionGuid = {317CEC7C-A3D8-4C49-A6F0-53374D38624A}
	EndGlobalSection
EndGlobal
